
Microsoft Visual Studio Solution File, Format Version 12.00
# Visual Studio Version 16
VisualStudioVersion = 16.0.31624.102
MinimumVisualStudioVersion = 10.0.40219.1
Project("{FAE04EC0-301F-11D3-BF4B-00C04F79EFBC}") = "AssignQues4", "AssignQues4.csproj", "{CD247DF9-7159-43C7-8B5F-B7AC25C6B3A8}"
EndProject
Global
	GlobalSection(SolutionConfigurationPlatforms) = preSolution
		Debug|Any CPU = Debug|Any CPU
		Release|Any CPU = Release|Any CPU
	EndGlobalSection
	GlobalSection(ProjectConfigurationPlatforms) = postSolution
		{CD247DF9-7159-43C7-8B5F-B7AC25C6B3A8}.Debug|Any CPU.ActiveCfg = Debug|Any CPU
		{CD247DF9-7159-43C7-8B5F-B7AC25C6B3A8}.Debug|Any CPU.Build.0 = Debug|Any CPU
		{CD247DF9-7159-43C7-8B5F-B7AC25C6B3A8}.Release|Any CPU.ActiveCfg = Release|Any CPU
		{CD247DF9-7159-43C7-8B5F-B7AC25C6B3A8}.Release|Any CPU.Build.0 = Release|Any CPU
	EndGlobalSection
	GlobalSection(SolutionProperties) = preSolution
		HideSolutionNode = FALSE
	EndGlobalSection
	GlobalSection(ExtensibilityGlobals) = postSolution
		SolutionGuid = {4CCDC718-1AB0-4034-85C5-A6AFBB25F072}
	EndGlobalSection
EndGlobal
