
Microsoft Visual Studio Solution File, Format Version 12.00
# Visual Studio Version 16
VisualStudioVersion = 16.0.31624.102
MinimumVisualStudioVersion = 10.0.40219.1
Project("{FAE04EC0-301F-11D3-BF4B-00C04F79EFBC}") = "AssignQues3", "AssignQues3.csproj", "{A2A0D274-95F6-4685-8BDC-A91CBD572F54}"
EndProject
Global
	GlobalSection(SolutionConfigurationPlatforms) = preSolution
		Debug|Any CPU = Debug|Any CPU
		Release|Any CPU = Release|Any CPU
	EndGlobalSection
	GlobalSection(ProjectConfigurationPlatforms) = postSolution
		{A2A0D274-95F6-4685-8BDC-A91CBD572F54}.Debug|Any CPU.ActiveCfg = Debug|Any CPU
		{A2A0D274-95F6-4685-8BDC-A91CBD572F54}.Debug|Any CPU.Build.0 = Debug|Any CPU
		{A2A0D274-95F6-4685-8BDC-A91CBD572F54}.Release|Any CPU.ActiveCfg = Release|Any CPU
		{A2A0D274-95F6-4685-8BDC-A91CBD572F54}.Release|Any CPU.Build.0 = Release|Any CPU
	EndGlobalSection
	GlobalSection(SolutionProperties) = preSolution
		HideSolutionNode = FALSE
	EndGlobalSection
	GlobalSection(ExtensibilityGlobals) = postSolution
		SolutionGuid = {FAD5F590-8BCF-4401-900E-98AAAA8FDAA4}
	EndGlobalSection
EndGlobal
